
Microsoft Visual Studio Solution File, Format Version 12.00
# Visual Studio Version 16
VisualStudioVersion = 16.0.32228.343
MinimumVisualStudioVersion = 10.0.40219.1
Project("{FAE04EC0-301F-11D3-BF4B-00C04F79EFBC}") = "ProjTeste", "ProjTeste\ProjTeste.csproj", "{0B005E8B-E188-41F0-A5DF-904BD4D848C9}"
EndProject
Global
	GlobalSection(SolutionConfigurationPlatforms) = preSolution
		Debug|Any CPU = Debug|Any CPU
		Release|Any CPU = Release|Any CPU
	EndGlobalSection
	GlobalSection(ProjectConfigurationPlatforms) = postSolution
		{0B005E8B-E188-41F0-A5DF-904BD4D848C9}.Debug|Any CPU.ActiveCfg = Debug|Any CPU
		{0B005E8B-E188-41F0-A5DF-904BD4D848C9}.Debug|Any CPU.Build.0 = Debug|Any CPU
		{0B005E8B-E188-41F0-A5DF-904BD4D848C9}.Release|Any CPU.ActiveCfg = Release|Any CPU
		{0B005E8B-E188-41F0-A5DF-904BD4D848C9}.Release|Any CPU.Build.0 = Release|Any CPU
	EndGlobalSection
	GlobalSection(SolutionProperties) = preSolution
		HideSolutionNode = FALSE
	EndGlobalSection
	GlobalSection(ExtensibilityGlobals) = postSolution
		SolutionGuid = {2C1CCDEF-0624-43BE-8E58-669939D7FA4D}
	EndGlobalSection
EndGlobal
